
Microsoft Visual Studio Solution File, Format Version 12.00
# Visual Studio Version 16
VisualStudioVersion = 16.0.30011.22
MinimumVisualStudioVersion = 10.0.40219.1
Project("{FAE04EC0-301F-11D3-BF4B-00C04F79EFBC}") = "TestEntityFamwork", "TestEntityFamwork\TestEntityFamwork.csproj", "{2755F960-DD4F-40A4-8FFA-78050A323ABC}"
EndProject
Global
	GlobalSection(SolutionConfigurationPlatforms) = preSolution
		Debug|Any CPU = Debug|Any CPU
		Release|Any CPU = Release|Any CPU
	EndGlobalSection
	GlobalSection(ProjectConfigurationPlatforms) = postSolution
		{2755F960-DD4F-40A4-8FFA-78050A323ABC}.Debug|Any CPU.ActiveCfg = Debug|Any CPU
		{2755F960-DD4F-40A4-8FFA-78050A323ABC}.Debug|Any CPU.Build.0 = Debug|Any CPU
		{2755F960-DD4F-40A4-8FFA-78050A323ABC}.Release|Any CPU.ActiveCfg = Release|Any CPU
		{2755F960-DD4F-40A4-8FFA-78050A323ABC}.Release|Any CPU.Build.0 = Release|Any CPU
	EndGlobalSection
	GlobalSection(SolutionProperties) = preSolution
		HideSolutionNode = FALSE
	EndGlobalSection
	GlobalSection(ExtensibilityGlobals) = postSolution
		SolutionGuid = {AD91A6EE-940C-46DF-85F9-689EFD7EC65E}
	EndGlobalSection
EndGlobal
